
Microsoft Visual Studio Solution File, Format Version 12.00
# Visual Studio Version 17
VisualStudioVersion = 17.10.35004.147
MinimumVisualStudioVersion = 10.0.40219.1
Project("{8BC9CEB8-8B4A-11D0-8D11-00A0C91BC942}") = "test-029", "test-029\test-029.vcxproj", "{5D623ACB-E2F6-451C-8844-9A001928A2BC}"
EndProject
Global
	GlobalSection(SolutionConfigurationPlatforms) = preSolution
		Debug|x64 = Debug|x64
		Debug|x86 = Debug|x86
		Release|x64 = Release|x64
		Release|x86 = Release|x86
	EndGlobalSection
	GlobalSection(ProjectConfigurationPlatforms) = postSolution
		{5D623ACB-E2F6-451C-8844-9A001928A2BC}.Debug|x64.ActiveCfg = Debug|x64
		{5D623ACB-E2F6-451C-8844-9A001928A2BC}.Debug|x64.Build.0 = Debug|x64
		{5D623ACB-E2F6-451C-8844-9A001928A2BC}.Debug|x86.ActiveCfg = Debug|Win32
		{5D623ACB-E2F6-451C-8844-9A001928A2BC}.Debug|x86.Build.0 = Debug|Win32
		{5D623ACB-E2F6-451C-8844-9A001928A2BC}.Release|x64.ActiveCfg = Release|x64
		{5D623ACB-E2F6-451C-8844-9A001928A2BC}.Release|x64.Build.0 = Release|x64
		{5D623ACB-E2F6-451C-8844-9A001928A2BC}.Release|x86.ActiveCfg = Release|Win32
		{5D623ACB-E2F6-451C-8844-9A001928A2BC}.Release|x86.Build.0 = Release|Win32
	EndGlobalSection
	GlobalSection(SolutionProperties) = preSolution
		HideSolutionNode = FALSE
	EndGlobalSection
	GlobalSection(ExtensibilityGlobals) = postSolution
		SolutionGuid = {5FB4D443-1E30-4D17-88BD-1B6636293A45}
	EndGlobalSection
EndGlobal
