
Microsoft Visual Studio Solution File, Format Version 12.00
# Visual Studio Version 17
VisualStudioVersion = 17.10.35004.147
MinimumVisualStudioVersion = 10.0.40219.1
Project("{8BC9CEB8-8B4A-11D0-8D11-00A0C91BC942}") = "test-026", "test-026\test-026.vcxproj", "{E92BE276-8FA5-425C-8A63-D506E9D4E588}"
EndProject
Global
	GlobalSection(SolutionConfigurationPlatforms) = preSolution
		Debug|x64 = Debug|x64
		Debug|x86 = Debug|x86
		Release|x64 = Release|x64
		Release|x86 = Release|x86
	EndGlobalSection
	GlobalSection(ProjectConfigurationPlatforms) = postSolution
		{E92BE276-8FA5-425C-8A63-D506E9D4E588}.Debug|x64.ActiveCfg = Debug|x64
		{E92BE276-8FA5-425C-8A63-D506E9D4E588}.Debug|x64.Build.0 = Debug|x64
		{E92BE276-8FA5-425C-8A63-D506E9D4E588}.Debug|x86.ActiveCfg = Debug|Win32
		{E92BE276-8FA5-425C-8A63-D506E9D4E588}.Debug|x86.Build.0 = Debug|Win32
		{E92BE276-8FA5-425C-8A63-D506E9D4E588}.Release|x64.ActiveCfg = Release|x64
		{E92BE276-8FA5-425C-8A63-D506E9D4E588}.Release|x64.Build.0 = Release|x64
		{E92BE276-8FA5-425C-8A63-D506E9D4E588}.Release|x86.ActiveCfg = Release|Win32
		{E92BE276-8FA5-425C-8A63-D506E9D4E588}.Release|x86.Build.0 = Release|Win32
	EndGlobalSection
	GlobalSection(SolutionProperties) = preSolution
		HideSolutionNode = FALSE
	EndGlobalSection
	GlobalSection(ExtensibilityGlobals) = postSolution
		SolutionGuid = {C199EC78-6FC8-424C-AADB-56A1DC8DB77C}
	EndGlobalSection
EndGlobal
