
Microsoft Visual Studio Solution File, Format Version 12.00
# Visual Studio Version 17
VisualStudioVersion = 17.10.35004.147
MinimumVisualStudioVersion = 10.0.40219.1
Project("{8BC9CEB8-8B4A-11D0-8D11-00A0C91BC942}") = "test-027", "test-027\test-027.vcxproj", "{64933A08-2D34-440C-AA52-8758A3E51B03}"
EndProject
Global
	GlobalSection(SolutionConfigurationPlatforms) = preSolution
		Debug|x64 = Debug|x64
		Debug|x86 = Debug|x86
		Release|x64 = Release|x64
		Release|x86 = Release|x86
	EndGlobalSection
	GlobalSection(ProjectConfigurationPlatforms) = postSolution
		{64933A08-2D34-440C-AA52-8758A3E51B03}.Debug|x64.ActiveCfg = Debug|x64
		{64933A08-2D34-440C-AA52-8758A3E51B03}.Debug|x64.Build.0 = Debug|x64
		{64933A08-2D34-440C-AA52-8758A3E51B03}.Debug|x86.ActiveCfg = Debug|Win32
		{64933A08-2D34-440C-AA52-8758A3E51B03}.Debug|x86.Build.0 = Debug|Win32
		{64933A08-2D34-440C-AA52-8758A3E51B03}.Release|x64.ActiveCfg = Release|x64
		{64933A08-2D34-440C-AA52-8758A3E51B03}.Release|x64.Build.0 = Release|x64
		{64933A08-2D34-440C-AA52-8758A3E51B03}.Release|x86.ActiveCfg = Release|Win32
		{64933A08-2D34-440C-AA52-8758A3E51B03}.Release|x86.Build.0 = Release|Win32
	EndGlobalSection
	GlobalSection(SolutionProperties) = preSolution
		HideSolutionNode = FALSE
	EndGlobalSection
	GlobalSection(ExtensibilityGlobals) = postSolution
		SolutionGuid = {7B882FF8-9440-4E10-B7F9-FE4020FE3DFA}
	EndGlobalSection
EndGlobal
